
Microsoft Visual Studio Solution File, Format Version 12.00
# Visual Studio Version 16
VisualStudioVersion = 16.0.29215.179
MinimumVisualStudioVersion = 10.0.40219.1
Project("{FAE04EC0-301F-11D3-BF4B-00C04F79EFBC}") = "PancakeView.Android", "PancakeView\PancakeView.Android\PancakeView.Android.csproj", "{CF5B3980-C791-424B-AAB2-252B469BEC3B}"
EndProject
Project("{FAE04EC0-301F-11D3-BF4B-00C04F79EFBC}") = "PancakeView.iOS", "PancakeView\PancakeView.iOS\PancakeView.iOS.csproj", "{8BA368C2-CBD1-424B-A3C3-43088B0AC9BD}"
EndProject
Project("{FAE04EC0-301F-11D3-BF4B-00C04F79EFBC}") = "PancakeView", "PancakeView\PancakeView\PancakeView.csproj", "{DA353728-2116-4F0C-B6BB-09C3F00D488E}"
EndProject
Global
	GlobalSection(SolutionConfigurationPlatforms) = preSolution
		Debug|Any CPU = Debug|Any CPU
		Debug|iPhone = Debug|iPhone
		Debug|iPhoneSimulator = Debug|iPhoneSimulator
		Release|Any CPU = Release|Any CPU
		Release|iPhone = Release|iPhone
		Release|iPhoneSimulator = Release|iPhoneSimulator
	EndGlobalSection
	GlobalSection(ProjectConfigurationPlatforms) = postSolution
		{CF5B3980-C791-424B-AAB2-252B469BEC3B}.Debug|Any CPU.ActiveCfg = Debug|Any CPU
		{CF5B3980-C791-424B-AAB2-252B469BEC3B}.Debug|Any CPU.Build.0 = Debug|Any CPU
		{CF5B3980-C791-424B-AAB2-252B469BEC3B}.Debug|Any CPU.Deploy.0 = Debug|Any CPU
		{CF5B3980-C791-424B-AAB2-252B469BEC3B}.Debug|iPhone.ActiveCfg = Debug|Any CPU
		{CF5B3980-C791-424B-AAB2-252B469BEC3B}.Debug|iPhone.Build.0 = Debug|Any CPU
		{CF5B3980-C791-424B-AAB2-252B469BEC3B}.Debug|iPhone.Deploy.0 = Debug|Any CPU
		{CF5B3980-C791-424B-AAB2-252B469BEC3B}.Debug|iPhoneSimulator.ActiveCfg = Debug|Any CPU
		{CF5B3980-C791-424B-AAB2-252B469BEC3B}.Debug|iPhoneSimulator.Build.0 = Debug|Any CPU
		{CF5B3980-C791-424B-AAB2-252B469BEC3B}.Debug|iPhoneSimulator.Deploy.0 = Debug|Any CPU
		{CF5B3980-C791-424B-AAB2-252B469BEC3B}.Release|Any CPU.ActiveCfg = Release|Any CPU
		{CF5B3980-C791-424B-AAB2-252B469BEC3B}.Release|Any CPU.Build.0 = Release|Any CPU
		{CF5B3980-C791-424B-AAB2-252B469BEC3B}.Release|Any CPU.Deploy.0 = Release|Any CPU
		{CF5B3980-C791-424B-AAB2-252B469BEC3B}.Release|iPhone.ActiveCfg = Release|Any CPU
		{CF5B3980-C791-424B-AAB2-252B469BEC3B}.Release|iPhone.Build.0 = Release|Any CPU
		{CF5B3980-C791-424B-AAB2-252B469BEC3B}.Release|iPhone.Deploy.0 = Release|Any CPU
		{CF5B3980-C791-424B-AAB2-252B469BEC3B}.Release|iPhoneSimulator.ActiveCfg = Release|Any CPU
		{CF5B3980-C791-424B-AAB2-252B469BEC3B}.Release|iPhoneSimulator.Build.0 = Release|Any CPU
		{CF5B3980-C791-424B-AAB2-252B469BEC3B}.Release|iPhoneSimulator.Deploy.0 = Release|Any CPU
		{8BA368C2-CBD1-424B-A3C3-43088B0AC9BD}.Debug|Any CPU.ActiveCfg = Debug|iPhoneSimulator
		{8BA368C2-CBD1-424B-A3C3-43088B0AC9BD}.Debug|Any CPU.Build.0 = Debug|iPhoneSimulator
		{8BA368C2-CBD1-424B-A3C3-43088B0AC9BD}.Debug|Any CPU.Deploy.0 = Debug|iPhoneSimulator
		{8BA368C2-CBD1-424B-A3C3-43088B0AC9BD}.Debug|iPhone.ActiveCfg = Debug|iPhone
		{8BA368C2-CBD1-424B-A3C3-43088B0AC9BD}.Debug|iPhone.Build.0 = Debug|iPhone
		{8BA368C2-CBD1-424B-A3C3-43088B0AC9BD}.Debug|iPhone.Deploy.0 = Debug|iPhone
		{8BA368C2-CBD1-424B-A3C3-43088B0AC9BD}.Debug|iPhoneSimulator.ActiveCfg = Debug|iPhoneSimulator
		{8BA368C2-CBD1-424B-A3C3-43088B0AC9BD}.Debug|iPhoneSimulator.Build.0 = Debug|iPhoneSimulator
		{8BA368C2-CBD1-424B-A3C3-43088B0AC9BD}.Debug|iPhoneSimulator.Deploy.0 = Debug|iPhoneSimulator
		{8BA368C2-CBD1-424B-A3C3-43088B0AC9BD}.Release|Any CPU.ActiveCfg = Release|iPhone
		{8BA368C2-CBD1-424B-A3C3-43088B0AC9BD}.Release|Any CPU.Build.0 = Release|iPhone
		{8BA368C2-CBD1-424B-A3C3-43088B0AC9BD}.Release|Any CPU.Deploy.0 = Release|iPhone
		{8BA368C2-CBD1-424B-A3C3-43088B0AC9BD}.Release|iPhone.ActiveCfg = Release|iPhone
		{8BA368C2-CBD1-424B-A3C3-43088B0AC9BD}.Release|iPhone.Build.0 = Release|iPhone
		{8BA368C2-CBD1-424B-A3C3-43088B0AC9BD}.Release|iPhone.Deploy.0 = Release|iPhone
		{8BA368C2-CBD1-424B-A3C3-43088B0AC9BD}.Release|iPhoneSimulator.ActiveCfg = Release|iPhoneSimulator
		{8BA368C2-CBD1-424B-A3C3-43088B0AC9BD}.Release|iPhoneSimulator.Build.0 = Release|iPhoneSimulator
		{8BA368C2-CBD1-424B-A3C3-43088B0AC9BD}.Release|iPhoneSimulator.Deploy.0 = Release|iPhoneSimulator
		{DA353728-2116-4F0C-B6BB-09C3F00D488E}.Debug|Any CPU.ActiveCfg = Debug|Any CPU
		{DA353728-2116-4F0C-B6BB-09C3F00D488E}.Debug|Any CPU.Build.0 = Debug|Any CPU
		{DA353728-2116-4F0C-B6BB-09C3F00D488E}.Debug|Any CPU.Deploy.0 = Debug|Any CPU
		{DA353728-2116-4F0C-B6BB-09C3F00D488E}.Debug|iPhone.ActiveCfg = Debug|Any CPU
		{DA353728-2116-4F0C-B6BB-09C3F00D488E}.Debug|iPhone.Build.0 = Debug|Any CPU
		{DA353728-2116-4F0C-B6BB-09C3F00D488E}.Debug|iPhone.Deploy.0 = Debug|Any CPU
		{DA353728-2116-4F0C-B6BB-09C3F00D488E}.Debug|iPhoneSimulator.ActiveCfg = Debug|Any CPU
		{DA353728-2116-4F0C-B6BB-09C3F00D488E}.Debug|iPhoneSimulator.Build.0 = Debug|Any CPU
		{DA353728-2116-4F0C-B6BB-09C3F00D488E}.Debug|iPhoneSimulator.Deploy.0 = Debug|Any CPU
		{DA353728-2116-4F0C-B6BB-09C3F00D488E}.Release|Any CPU.ActiveCfg = Release|Any CPU
		{DA353728-2116-4F0C-B6BB-09C3F00D488E}.Release|Any CPU.Build.0 = Release|Any CPU
		{DA353728-2116-4F0C-B6BB-09C3F00D488E}.Release|Any CPU.Deploy.0 = Release|Any CPU
		{DA353728-2116-4F0C-B6BB-09C3F00D488E}.Release|iPhone.ActiveCfg = Release|Any CPU
		{DA353728-2116-4F0C-B6BB-09C3F00D488E}.Release|iPhone.Build.0 = Release|Any CPU
		{DA353728-2116-4F0C-B6BB-09C3F00D488E}.Release|iPhone.Deploy.0 = Release|Any CPU
		{DA353728-2116-4F0C-B6BB-09C3F00D488E}.Release|iPhoneSimulator.ActiveCfg = Release|Any CPU
		{DA353728-2116-4F0C-B6BB-09C3F00D488E}.Release|iPhoneSimulator.Build.0 = Release|Any CPU
		{DA353728-2116-4F0C-B6BB-09C3F00D488E}.Release|iPhoneSimulator.Deploy.0 = Release|Any CPU
	EndGlobalSection
	GlobalSection(SolutionProperties) = preSolution
		HideSolutionNode = FALSE
	EndGlobalSection
	GlobalSection(ExtensibilityGlobals) = postSolution
		SolutionGuid = {34BFBB9D-ECC2-4080-8A9F-E57081BC47E7}
	EndGlobalSection
EndGlobal
